
Microsoft Visual Studio Solution File, Format Version 12.00
# Visual Studio Version 16
VisualStudioVersion = 16.0.29709.97
MinimumVisualStudioVersion = 10.0.40219.1
Project("{FAE04EC0-301F-11D3-BF4B-00C04F79EFBC}") = "typeFall", "typeFall.csproj", "{B41F5FD5-7EC2-4B74-91D2-F0F3A95BC472}"
EndProject
Global
	GlobalSection(SolutionConfigurationPlatforms) = preSolution
		Debug|Any CPU = Debug|Any CPU
		Release|Any CPU = Release|Any CPU
	EndGlobalSection
	GlobalSection(ProjectConfigurationPlatforms) = postSolution
		{B41F5FD5-7EC2-4B74-91D2-F0F3A95BC472}.Debug|Any CPU.ActiveCfg = Debug|Any CPU
		{B41F5FD5-7EC2-4B74-91D2-F0F3A95BC472}.Debug|Any CPU.Build.0 = Debug|Any CPU
		{B41F5FD5-7EC2-4B74-91D2-F0F3A95BC472}.Release|Any CPU.ActiveCfg = Release|Any CPU
		{B41F5FD5-7EC2-4B74-91D2-F0F3A95BC472}.Release|Any CPU.Build.0 = Release|Any CPU
	EndGlobalSection
	GlobalSection(SolutionProperties) = preSolution
		HideSolutionNode = FALSE
	EndGlobalSection
	GlobalSection(ExtensibilityGlobals) = postSolution
		SolutionGuid = {0FFED2DE-EE30-4EBC-B55F-604B48919C37}
	EndGlobalSection
EndGlobal
